Args:
  Arg0:
    Default: 100
    Description: Delay between actions
    Name: Delay
    Required: true
    Type: int
  Arg2:
    Default: 1
    Description: 
    Name: Beat Type
    Required: true
    Type: enum
    Values:
      0: Blocks progressively appear on beat and when all of them are showing they progressively disappear on beat
      1: One block type per beat
      2: Blocks progressively appear each beat and on the last beat they disappear
ClassName: BeatBlock
ClassNameFull: BeatBlock
Description: Block that plays a tune then appears and disappears on tune. Child of BeatBlockHolder
Name: Beat Block Child
RailRequired: false
