Args:
  Arg0:
    Default: -1
    Description: 
    Name: 
    Required: false
    Type: int
  Arg1:
    Default: -1
    Description: 
    Name: 
    Required: false
    Type: int
  Arg2:
    Default: -1
    Description: 
    Name: 
    Required: false
    Type: int
  Arg4:
    Default: -1
    Description: 
    Name: 
    Required: false
    Type: int
  Arg5:
    Default: -1
    Description: 
    Name: 
    Required: false
    Type: int
ClassName: NeedleBlock
ClassNameFull: NeedleBlock
Name: Spike Block
RailRequired: false
