Args:
  Arg3:
    Default: -1
    Description: Adds snow on top of the block.
    Name: Has Snow
    Required: false
    Type: bool
  Arg4:
    Default: -1
    Description: Distance that the block will travel.
    Name: Distance
    Required: false
    Type: int
  Arg5:
    Default: -1
    Description: 
    Name: 
    Required: false
    Type: int
ClassName: UpperBlock
ClassNameFull: UpperBlock
Name: Directional Block
RailRequired: false
